
Microsoft Visual Studio Solution File, Format Version 12.00
# Visual Studio Version 16
VisualStudioVersion = 16.0.30413.136
MinimumVisualStudioVersion = 10.0.40219.1
Project("{9A19103F-16F7-4668-BE54-9A1E7A4F7556}") = "SRP", "SRP\SRP.csproj", "{5481EE94-ABD4-42B2-84F5-DFCC3C17C4EE}"
EndProject
Project("{FAE04EC0-301F-11D3-BF4B-00C04F79EFBC}") = "SRP.Test", "SRP.Test\SRP.Test.csproj", "{A7A6EE8C-27EB-4A23-817A-FE4B3F6FF9A6}"
EndProject
Global
	GlobalSection(SolutionConfigurationPlatforms) = preSolution
		Debug|Any CPU = Debug|Any CPU
		Release|Any CPU = Release|Any CPU
	EndGlobalSection
	GlobalSection(ProjectConfigurationPlatforms) = postSolution
		{5481EE94-ABD4-42B2-84F5-DFCC3C17C4EE}.Debug|Any CPU.ActiveCfg = Debug|Any CPU
		{5481EE94-ABD4-42B2-84F5-DFCC3C17C4EE}.Debug|Any CPU.Build.0 = Debug|Any CPU
		{5481EE94-ABD4-42B2-84F5-DFCC3C17C4EE}.Release|Any CPU.ActiveCfg = Release|Any CPU
		{5481EE94-ABD4-42B2-84F5-DFCC3C17C4EE}.Release|Any CPU.Build.0 = Release|Any CPU
		{A7A6EE8C-27EB-4A23-817A-FE4B3F6FF9A6}.Debug|Any CPU.ActiveCfg = Debug|Any CPU
		{A7A6EE8C-27EB-4A23-817A-FE4B3F6FF9A6}.Debug|Any CPU.Build.0 = Debug|Any CPU
		{A7A6EE8C-27EB-4A23-817A-FE4B3F6FF9A6}.Release|Any CPU.ActiveCfg = Release|Any CPU
		{A7A6EE8C-27EB-4A23-817A-FE4B3F6FF9A6}.Release|Any CPU.Build.0 = Release|Any CPU
	EndGlobalSection
	GlobalSection(SolutionProperties) = preSolution
		HideSolutionNode = FALSE
	EndGlobalSection
	GlobalSection(ExtensibilityGlobals) = postSolution
		SolutionGuid = {5363603F-2E0C-4BBE-9C68-F282DFAE3FCB}
	EndGlobalSection
EndGlobal
